
Microsoft Visual Studio Solution File, Format Version 12.00
# Visual Studio 15
VisualStudioVersion = 15.0.28307.705
MinimumVisualStudioVersion = 10.0.40219.1
Project("{FAE04EC0-301F-11D3-BF4B-00C04F79EFBC}") = "COMP123-S2019-Assignment5-Tzu-An Wang", "COMP123-S2019-Assignment5-Tzu-An Wang\COMP123-S2019-Assignment5-Tzu-An Wang.csproj", "{52DE76AB-3E1C-4F30-B05F-3A9A644AD430}"
EndProject
Global
	GlobalSection(SolutionConfigurationPlatforms) = preSolution
		Debug|Any CPU = Debug|Any CPU
		Release|Any CPU = Release|Any CPU
	EndGlobalSection
	GlobalSection(ProjectConfigurationPlatforms) = postSolution
		{52DE76AB-3E1C-4F30-B05F-3A9A644AD430}.Debug|Any CPU.ActiveCfg = Debug|Any CPU
		{52DE76AB-3E1C-4F30-B05F-3A9A644AD430}.Debug|Any CPU.Build.0 = Debug|Any CPU
		{52DE76AB-3E1C-4F30-B05F-3A9A644AD430}.Release|Any CPU.ActiveCfg = Release|Any CPU
		{52DE76AB-3E1C-4F30-B05F-3A9A644AD430}.Release|Any CPU.Build.0 = Release|Any CPU
	EndGlobalSection
	GlobalSection(SolutionProperties) = preSolution
		HideSolutionNode = FALSE
	EndGlobalSection
	GlobalSection(ExtensibilityGlobals) = postSolution
		SolutionGuid = {87A94CEB-4E9E-48C4-A91E-8F787A363508}
	EndGlobalSection
EndGlobal
